# This file is autogenerated, do not edit; changes may be undone by the next 'dep ensure'.


[[projects]]
  digest = "1:805922a698719105a020d35c21420478beab6505764348ab994cb443cdc1ac4b"
  name = "cloud.google.com/go"
  packages = ["compute/metadata"]
  pruneopts = "UT"
  revision = "7cfb4662a9aa5a065063c202c577acb0b582498b"
  version = "v0.55.0"

[[projects]]
  digest = "1:ce6f5ecfe8ca3b24cb757c1c2b4efb552038346bb6a51057ecb2bf59a33ab06b"
  name = "github.com/Azure/azure-sdk-for-go"
  packages = [
    "services/compute/mgmt/2018-10-01/compute",
    "services/network/mgmt/2018-10-01/network",
    "version",
  ]
  pruneopts = "UT"
  revision = "4acdfccd3e1bd96cf929459f72f25cb0dd1f6ce8"
  version = "v40.5.0"

[[projects]]
  digest = "1:24f3d5aa436b7cf0244efff65e6346602eb0af08e1026bb9d1940b458c5326f9"
  name = "github.com/Azure/go-autorest"
  packages = [
    "autorest",
    "autorest/adal",
    "autorest/azure",
    "autorest/date",
    "autorest/to",
    "autorest/validation",
    "logger",
    "tracing",
  ]
  pruneopts = "UT"
  revision = "327ff6ce8b902f9afe648d5ea8ff6dc26c26f150"
  version = "v13.4.0"

[[projects]]
  digest = "1:ddc3129b74395ad043537598f31f692527fd3143180bd569cd7adeeea35cd197"
  name = "github.com/armon/go-metrics"
  packages = ["."]
  pruneopts = "UT"
  revision = "38377b616bac08306ad0903d5fb436a5330d2973"
  version = "v0.3.3"

[[projects]]
  digest = "1:cc45240e6aeffa693743dabdc6556949ba018baf5c7f249ceea0bde726566f40"
  name = "github.com/aws/aws-sdk-go"
  packages = [
    "aws",
    "aws/awserr",
    "aws/awsutil",
    "aws/client",
    "aws/client/metadata",
    "aws/corehandlers",
    "aws/credentials",
    "aws/credentials/ec2rolecreds",
    "aws/credentials/endpointcreds",
    "aws/credentials/processcreds",
    "aws/credentials/stscreds",
    "aws/csm",
    "aws/defaults",
    "aws/ec2metadata",
    "aws/endpoints",
    "aws/request",
    "aws/session",
    "aws/signer/v4",
    "internal/context",
    "internal/ini",
    "internal/sdkio",
    "internal/sdkmath",
    "internal/sdkrand",
    "internal/sdkuri",
    "internal/shareddefaults",
    "internal/strings",
    "internal/sync/singleflight",
    "private/protocol",
    "private/protocol/ec2query",
    "private/protocol/json/jsonutil",
    "private/protocol/query",
    "private/protocol/query/queryutil",
    "private/protocol/rest",
    "private/protocol/xml/xmlutil",
    "service/ec2",
    "service/sts",
    "service/sts/stsiface",
  ]
  pruneopts = "UT"
  revision = "73eb0b9f217f7f5950182180a24500c37f3d052a"
  version = "v1.29.32"

[[projects]]
  digest = "1:d6afaeed1502aa28e80a4ed0981d570ad91b2579193404256ce672ed0a609e0d"
  name = "github.com/beorn7/perks"
  packages = ["quantile"]
  pruneopts = "UT"
  revision = "37c8de3658fcb183f997c4e13e8337516ab753e6"
  version = "v1.0.1"

[[projects]]
  digest = "1:bc7e9c56408594a678dd165db7c579c2498a3c9eab9b308099820ddbfe85b720"
  name = "github.com/cenkalti/backoff"
  packages = ["."]
  pruneopts = "UT"
  revision = "a9a4cec6c9a26336ca42700ccc319ca842be56c0"
  version = "v4.0.0"

[[projects]]
  digest = "1:61406f6571eeb97717bdfaac37fa0bc5260621c4cbf3ce7635e9828dcbb5258a"
  name = "github.com/cespare/xxhash"
  packages = ["."]
  pruneopts = "UT"
  revision = "d7df74196a9e781ede915320c11c378c1b2f3a1f"
  version = "v2.1.1"

[[projects]]
  digest = "1:05ffeeed3f0f05520de0679f6aa3219ffee69cfd6d9fb6c194879d4c818ad670"
  name = "github.com/coreos/go-semver"
  packages = ["semver"]
  pruneopts = "UT"
  revision = "e214231b295a8ea9479f11b70b35d5acf3556d9b"
  version = "v0.3.0"

[[projects]]
  digest = "1:ffe9824d294da03b391f44e1ae8281281b4afc1bdaa9588c9097785e3af10cec"
  name = "github.com/davecgh/go-spew"
  packages = ["spew"]
  pruneopts = "UT"
  revision = "8991bc29aa16c548c550c7ff78260e27b9ab7c73"
  version = "v1.1.1"

[[projects]]
  digest = "1:76dc72490af7174349349838f2fe118996381b31ea83243812a97e5a0fd5ed55"
  name = "github.com/dgrijalva/jwt-go"
  packages = ["."]
  pruneopts = "UT"
  revision = "06ea1031745cb8b3dab3f6a236daf2b0aa468b7e"
  version = "v3.2.0"

[[projects]]
  digest = "1:2b5f431fa18891a2ac0e02353c83fb3bf458fced6ccecd664b429054e0c4ce3b"
  name = "github.com/evanphx/json-patch"
  packages = ["."]
  pruneopts = "UT"
  revision = "bf22ed9311622d93e213ba31e4ae7a5771e5d379"
  version = "v4.6.0"

[[projects]]
  digest = "1:bde2a1ce1de28312f165a88926c12f4acd19dc4d7da96a445dfa5a29eae07a93"
  name = "github.com/fatih/color"
  packages = ["."]
  pruneopts = "UT"
  revision = "daf2830f2741ebb735b21709a520c5f37d642d85"
  version = "v1.9.0"

[[projects]]
  digest = "1:80057945464ffb5b0da1f026beb8df0e8dbd098eaf771a349291bed2cd29a83e"
  name = "github.com/fsnotify/fsnotify"
  packages = ["."]
  pruneopts = "UT"
  revision = "45d7d09e39ef4ac08d493309fa031790c15bfe8a"
  version = "v1.4.9"

[[projects]]
  branch = "master"
  digest = "1:9bb764341f8adf020f9ab8158b61c22c0c9f0828f5e4a6e8602c6c888e645b58"
  name = "github.com/giantswarm/apiextensions"
  packages = [
    "pkg/apis/application/v1alpha1",
    "pkg/apis/backup/v1alpha1",
    "pkg/apis/core/v1alpha1",
    "pkg/apis/example/v1alpha1",
    "pkg/apis/infrastructure/v1alpha2",
    "pkg/apis/provider/v1alpha1",
    "pkg/apis/release/v1alpha1",
    "pkg/clientset/versioned",
    "pkg/clientset/versioned/scheme",
    "pkg/clientset/versioned/typed/application/v1alpha1",
    "pkg/clientset/versioned/typed/backup/v1alpha1",
    "pkg/clientset/versioned/typed/core/v1alpha1",
    "pkg/clientset/versioned/typed/example/v1alpha1",
    "pkg/clientset/versioned/typed/infrastructure/v1alpha2",
    "pkg/clientset/versioned/typed/provider/v1alpha1",
    "pkg/clientset/versioned/typed/release/v1alpha1",
  ]
  pruneopts = "UT"
  revision = "91a832248201c0f4b8ed3fb9454be3bd8890460b"

[[projects]]
  branch = "master"
  digest = "1:82758dfb5b0d0779cf24264c5f35dbf55a83c66930208e16c57cf5516ae16371"
  name = "github.com/giantswarm/backoff"
  packages = ["."]
  pruneopts = "UT"
  revision = "21d27c0f5fbd1022e08ef531bbb2d5d849000946"

[[projects]]
  digest = "1:5164d17414266145c643e4997dacbc32e6e1ad552c3c70a78837f64d9a0140ea"
  name = "github.com/giantswarm/exporterkit"
  packages = ["collector"]
  pruneopts = "UT"
  revision = "0c44d5be4328f9bd4ef384db0869262b738dc47d"
  version = "v0.2.0"

[[projects]]
  branch = "master"
  digest = "1:44b28d09630c2a7922917c515ff18e0627f0591532237e8586bc0f76aae350bd"
  name = "github.com/giantswarm/k8sclient"
  packages = [
    ".",
    "k8scrdclient",
    "k8srestconfig",
    "k8sversion",
  ]
  pruneopts = "UT"
  revision = "c0f1caa72f19c6cf039ed4c242d16db411d8fcf7"

[[projects]]
  branch = "master"
  digest = "1:802ca30b1ffcd293045959dd958329756b969533ddde1cc58619105604f56ec5"
  name = "github.com/giantswarm/microendpoint"
  packages = [
    "endpoint/healthz",
    "endpoint/version",
    "service/healthz",
    "service/version",
  ]
  pruneopts = "UT"
  revision = "522146e06d84a2dcc69e43db8d3dcd7594421895"

[[projects]]
  branch = "master"
  digest = "1:a26e540f62f38a1fc4415e9ca73e56996e5d0fc7e8b50bffebb7983d1241aa37"
  name = "github.com/giantswarm/microerror"
  packages = ["."]
  pruneopts = "UT"
  revision = "aaafea7c94d84f3ce38fe78580f6342accd06c25"

[[projects]]
  branch = "master"
  digest = "1:e2674739de20b15a914da264a8a9a568ab5599f5ade5e520e76342f39a0008c6"
  name = "github.com/giantswarm/microkit"
  packages = [
    "command",
    "command/daemon",
    "command/daemon/flag",
    "command/daemon/flag/config",
    "command/daemon/flag/server",
    "command/daemon/flag/server/enable",
    "command/daemon/flag/server/enable/debug",
    "command/daemon/flag/server/listen",
    "command/daemon/flag/server/log",
    "command/daemon/flag/server/tls",
    "command/version",
    "flag",
    "server",
    "tls",
  ]
  pruneopts = "UT"
  revision = "2465ed6d5e635618e0faf3981a560bca046a974c"

[[projects]]
  branch = "master"
  digest = "1:3e0a7e75d7b3490046f4f24ca2c284c0dfb6c60ee1d90bb3f21a8d81895acece"
  name = "github.com/giantswarm/micrologger"
  packages = [
    ".",
    "loggermeta",
    "microloggertest",
  ]
  pruneopts = "UT"
  revision = "4b2316afcf7bf293e3a740f994985ee4d64b535a"

[[projects]]
  branch = "master"
  digest = "1:b45be5b073f9dd27215beb59249923038e14d80e1e9871f56320ed7d65fc21a1"
  name = "github.com/giantswarm/operatorkit"
  packages = [
    "controller",
    "controller/collector",
    "controller/context/finalizerskeptcontext",
    "controller/context/reconciliationcanceledcontext",
    "controller/context/resourcecanceledcontext",
    "controller/context/updateallowedcontext",
    "flag/service/kubernetes",
    "flag/service/kubernetes/tls",
    "flag/service/kubernetes/watch",
    "resource",
    "resource/crud",
    "resource/wrapper/internal",
    "resource/wrapper/metricsresource",
    "resource/wrapper/retryresource",
  ]
  pruneopts = "UT"
  revision = "ce406a42cdaf9bcf51125582fdc9f2c229bf4ac0"

[[projects]]
  digest = "1:5613edec666c3b6d357f27b9072806d9f783e405cf167f04d6a9ce48dd4590a9"
  name = "github.com/giantswarm/to"
  packages = ["."]
  pruneopts = "UT"
  revision = "f2078541ec95746f9e8631c944a16592d185b2d7"
  version = "v0.2.0"

[[projects]]
  branch = "master"
  digest = "1:794e05a80c7e132b66c28c46d73de8013cf45fc111f6bc44814827f43f0c6514"
  name = "github.com/giantswarm/versionbundle"
  packages = ["."]
  pruneopts = "UT"
  revision = "0b8012cfede592e3e894bd09d8ec4a5c0a3892f2"

[[projects]]
  digest = "1:55d5871a6d99e9dcbad4213401545651a75d3c29b903aedea185b6a7fe813e1a"
  name = "github.com/go-kit/kit"
  packages = [
    "endpoint",
    "log",
    "log/level",
    "transport",
    "transport/http",
  ]
  pruneopts = "UT"
  revision = "cc938d52e0cdf4c811ab203f428fcd06f9d9a148"
  version = "v0.10.0"

[[projects]]
  digest = "1:522a207de5459ab329732b5df6bb6dd7592da9fddf8a99e9f82609e370d82f9b"
  name = "github.com/go-logfmt/logfmt"
  packages = ["."]
  pruneopts = "UT"
  revision = "3be5f6aae7db841d31dc5e1b3bb7b4cff19200b3"
  version = "v0.5.0"

[[projects]]
  digest = "1:edd2fa4578eb086265db78a9201d15e76b298dfd0d5c379da83e9c61712cf6df"
  name = "github.com/go-logr/logr"
  packages = ["."]
  pruneopts = "UT"
  revision = "9fb12b3b21c5415d16ac18dc5cd42c1cfdd40c4e"
  version = "v0.1.0"

[[projects]]
  digest = "1:586ea76dbd0374d6fb649a91d70d652b7fe0ccffb8910a77468e7702e7901f3d"
  name = "github.com/go-stack/stack"
  packages = ["."]
  pruneopts = "UT"
  revision = "2fee6af1a9795aafbe0253a0cfbdf668e1fb8a9a"
  version = "v1.8.0"

[[projects]]
  digest = "1:582e25eccee928dc12416ea4c23b6dae8f3b5687730632aa1473ebebe80a2359"
  name = "github.com/gogo/protobuf"
  packages = [
    "proto",
    "sortkeys",
  ]
  pruneopts = "UT"
  revision = "5628607bb4c51c3157aacc3a50f0ab707582b805"
  version = "v1.3.1"

[[projects]]
  branch = "master"
  digest = "1:b7cb6054d3dff43b38ad2e92492f220f57ae6087ee797dca298139776749ace8"
  name = "github.com/golang/groupcache"
  packages = ["lru"]
  pruneopts = "UT"
  revision = "8c9f03a8e57eb486e42badaed3fb287da51807ba"

[[projects]]
  digest = "1:ecd73c8c5c5e48f9079e042ae733c3f3ab021218d6c4da3411d82727fd5a412a"
  name = "github.com/golang/protobuf"
  packages = [
    "proto",
    "ptypes",
    "ptypes/any",
    "ptypes/duration",
    "ptypes/timestamp",
  ]
  pruneopts = "UT"
  revision = "84668698ea25b64748563aa20726db66a6b8d299"
  version = "v1.3.5"

[[projects]]
  digest = "1:248e9efd818d7156968df6d7d02018d2b7b6debf3ea21e81228cf0abb29b24cd"
  name = "github.com/google/go-cmp"
  packages = [
    "cmp",
    "cmp/cmpopts",
    "cmp/internal/diff",
    "cmp/internal/flags",
    "cmp/internal/function",
    "cmp/internal/value",
  ]
  pruneopts = "UT"
  revision = "2d0692c2e9617365a95b295612ac0d4415ba4627"
  version = "v0.3.1"

[[projects]]
  digest = "1:a840b166971a2e76fcc4fbafaa181ea109b92d461e7f9b608a49b70be2765bac"
  name = "github.com/google/gofuzz"
  packages = ["."]
  pruneopts = "UT"
  revision = "db92cf7ae75e4a7a28abc005addab2b394362888"
  version = "v1.1.0"

[[projects]]
  digest = "1:582b704bebaa06b48c29b0cec224a6058a09c86883aaddabde889cd1a5f73e1b"
  name = "github.com/google/uuid"
  packages = ["."]
  pruneopts = "UT"
  revision = "0cd6bf5da1e1c83f8b45653022c74f71af0538a4"
  version = "v1.1.1"

[[projects]]
  digest = "1:766102087520f9d54f2acc72bd6637045900ac735b4a419b128d216f0c5c4876"
  name = "github.com/googleapis/gax-go"
  packages = ["v2"]
  pruneopts = "UT"
  revision = "bd5b16380fd03dc758d11cef74ba2e3bc8b0e8c2"
  version = "v2.0.5"

[[projects]]
  digest = "1:e35285db21b7d730a52b891a959783e567ca516ea64f2748070f1f917fbccd82"
  name = "github.com/googleapis/gnostic"
  packages = [
    "OpenAPIv2",
    "compiler",
    "extensions",
  ]
  pruneopts = "UT"
  revision = "99384834bf8c58ce7ab88db353283bedcb53e1ca"
  version = "v0.4.0"

[[projects]]
  digest = "1:5b659e18d1b0cc0642a5e7aaa8585ffbb5c1bb95eb9832fbbd9e3fa56e20848d"
  name = "github.com/gophercloud/gophercloud"
  packages = [
    ".",
    "openstack",
    "openstack/compute/v2/extensions/floatingips",
    "openstack/compute/v2/extensions/hypervisors",
    "openstack/compute/v2/flavors",
    "openstack/compute/v2/images",
    "openstack/compute/v2/servers",
    "openstack/identity/v2/tenants",
    "openstack/identity/v2/tokens",
    "openstack/identity/v3/tokens",
    "openstack/utils",
    "pagination",
  ]
  pruneopts = "UT"
  revision = "965816e95e604e19c77b1a086c9737164dc3a4c5"
  version = "v0.9.0"

[[projects]]
  digest = "1:25ebe6496abb289ef977c081b2d49f56dd97c32db4ca083d37f95923909ced02"
  name = "github.com/gorilla/mux"
  packages = ["."]
  pruneopts = "UT"
  revision = "75dcda0896e109a2a22c9315bca3bb21b87b2ba5"
  version = "v1.7.4"

[[projects]]
  digest = "1:64bcb3310b6f43db7f120e9ddd17098f298137d411bf3efaf1a656efbc159a06"
  name = "github.com/hashicorp/consul"
  packages = ["api"]
  pruneopts = "UT"
  revision = "9ea1a204d832cfd4d8c5cba9df56876a526a4531"
  version = "v1.7.2"

[[projects]]
  digest = "1:af105c7c5dc0b4ae41991f122cae860b9600f7d226072c2a83127048c991660c"
  name = "github.com/hashicorp/go-cleanhttp"
  packages = ["."]
  pruneopts = "UT"
  revision = "eda1e5db218aad1db63ca4642c8906b26bcf2744"
  version = "v0.5.1"

[[projects]]
  digest = "1:74ef51aaf7bf1adac39d90983a780094dc094d1a16ead8e9088e8b0a8b2f4d5c"
  name = "github.com/hashicorp/go-hclog"
  packages = ["."]
  pruneopts = "UT"
  revision = "ea00810e77bdfb95e93c28be25194796a3f6ced6"
  version = "v0.12.1"

[[projects]]
  digest = "1:31a307024e88018be0f93aadc0c275fa155a8a8c9d94a7ac6132c4a3b8147b11"
  name = "github.com/hashicorp/go-immutable-radix"
  packages = ["."]
  pruneopts = "UT"
  revision = "e47f517af50356c81b117418760ac7dfd7b7af62"
  version = "v1.2.0"

[[projects]]
  digest = "1:5c03dd01d17d6ed9aa1c490a2bfd270dab91d14e85b4640ebdb6511594a1accd"
  name = "github.com/hashicorp/go-rootcerts"
  packages = ["."]
  pruneopts = "UT"
  revision = "98fadc2a5ba2ad2a534a179b352ecdfd1f4259aa"
  version = "v1.0.2"

[[projects]]
  digest = "1:e631368e174090a276fc00b48283f92ac4ccfbbb1945bcfcee083f5f9210dc00"
  name = "github.com/hashicorp/golang-lru"
  packages = [
    ".",
    "simplelru",
  ]
  pruneopts = "UT"
  revision = "14eae340515388ca95aa8e7b86f0de668e981f54"
  version = "v0.5.4"

[[projects]]
  digest = "1:c0d19ab64b32ce9fe5cf4ddceba78d5bc9807f0016db6b1183599da3dcc24d10"
  name = "github.com/hashicorp/hcl"
  packages = [
    ".",
    "hcl/ast",
    "hcl/parser",
    "hcl/printer",
    "hcl/scanner",
    "hcl/strconv",
    "hcl/token",
    "json/parser",
    "json/scanner",
    "json/token",
  ]
  pruneopts = "UT"
  revision = "8cb6e5b959231cc1119e43259c4a608f9c51a241"
  version = "v1.0.0"

[[projects]]
  digest = "1:acc81e4e4289587b257ccdfccbc6eaf16d4c2fb57dda73c6bb349bf50f02501f"
  name = "github.com/hashicorp/serf"
  packages = ["coordinate"]
  pruneopts = "UT"
  revision = "cd08d5c62353f383882b630bf238a77b4d5ef73b"
  version = "v0.9.0"

[[projects]]
  digest = "1:1a7059d684f8972987e4b6f0703083f207d63f63da0ea19610ef2e6bb73db059"
  name = "github.com/imdario/mergo"
  packages = ["."]
  pruneopts = "UT"
  revision = "66f88b4ae75f5edcc556623b96ff32c06360fbb7"
  version = "v0.3.9"

[[projects]]
  digest = "1:870d441fe217b8e689d7949fef6e43efbc787e50f200cb1e70dbca9204a1d6be"
  name = "github.com/inconshreveable/mousetrap"
  packages = ["."]
  pruneopts = "UT"
  revision = "76626ae9c91c4f2a10f34cad8ce83ea42c93bb75"
  version = "v1.0"

[[projects]]
  digest = "1:bb81097a5b62634f3e9fec1014657855610c82d19b9a40c17612e32651e35dca"
  name = "github.com/jmespath/go-jmespath"
  packages = ["."]
  pruneopts = "UT"
  revision = "c2b33e84"

[[projects]]
  digest = "1:b6bbd2f9e0724bd81890c8644259f920c6d61c08453978faff0bebd25f3e7d3e"
  name = "github.com/jpillora/backoff"
  packages = ["."]
  pruneopts = "UT"
  revision = "8eab2debe79d12b7bd3d10653910df25fa9552ba"
  version = "1.0.0"

[[projects]]
  digest = "1:7cd2924a44ecf80a319cfa2378529fabd348d011b739fb4eccc565f65e3296c4"
  name = "github.com/json-iterator/go"
  packages = ["."]
  pruneopts = "UT"
  revision = "acfec88f7a0d5140ace3dcdbee10184e3684a9e1"
  version = "v1.1.9"

[[projects]]
  digest = "1:5a0ef768465592efca0412f7e838cdc0826712f8447e70e6ccc52eb441e9ab13"
  name = "github.com/magiconair/properties"
  packages = ["."]
  pruneopts = "UT"
  revision = "de8848e004dd33dc07a2947b3d76f618a7fc7ef1"
  version = "v1.8.1"

[[projects]]
  digest = "1:0109cf4321a15313ec895f42e723e1f76121c6975ea006abfa20012272ec0937"
  name = "github.com/mattn/go-colorable"
  packages = ["."]
  pruneopts = "UT"
  revision = "68e95eba382c972aafde02ead2cd2426a8a92480"
  version = "v0.1.6"

[[projects]]
  digest = "1:0c58d31abe2a2ccb429c559b6292e7df89dcda675456fecc282fa90aa08273eb"
  name = "github.com/mattn/go-isatty"
  packages = ["."]
  pruneopts = "UT"
  revision = "7b513a986450394f7bbf1476909911b3aa3a55ce"
  version = "v0.0.12"

[[projects]]
  digest = "1:ff5ebae34cfbf047d505ee150de27e60570e8c394b3b8fdbb720ff6ac71985fc"
  name = "github.com/matttproud/golang_protobuf_extensions"
  packages = ["pbutil"]
  pruneopts = "UT"
  revision = "c12348ce28de40eed0136aa2b644d0ee0650e56c"
  version = "v1.0.1"

[[projects]]
  digest = "1:3e2a07391c0756e06504dfa2fb6c52d55261c8d5a9d790ab316a1544bbe87b0d"
  name = "github.com/miekg/dns"
  packages = ["."]
  pruneopts = "UT"
  revision = "f515aa579d28efa1af67d9a62cc57f2dfe59da76"
  version = "v1.1.29"

[[projects]]
  digest = "1:5d231480e1c64a726869bc4142d270184c419749d34f167646baa21008eb0a79"
  name = "github.com/mitchellh/go-homedir"
  packages = ["."]
  pruneopts = "UT"
  revision = "af06845cf3004701891bf4fdb884bfe4920b3727"
  version = "v1.1.0"

[[projects]]
  digest = "1:6ea2d98ba8ae7c06a918970661b744be5d1a385c40917b9c317e9a4f2c36ac6f"
  name = "github.com/mitchellh/mapstructure"
  packages = ["."]
  pruneopts = "UT"
  revision = "694aaefbc689be1915c2ef39e880409057931a94"
  version = "v1.2.2"

[[projects]]
  digest = "1:33422d238f147d247752996a26574ac48dcf472976eda7f5134015f06bf16563"
  name = "github.com/modern-go/concurrent"
  packages = ["."]
  pruneopts = "UT"
  revision = "bacd9c7ef1dd9b15be4a9909b8ac7a4e313eec94"
  version = "1.0.3"

[[projects]]
  digest = "1:e32bdbdb7c377a07a9a46378290059822efdce5c8d96fe71940d87cb4f918855"
  name = "github.com/modern-go/reflect2"
  packages = ["."]
  pruneopts = "UT"
  revision = "4b7aa43c6742a2c18fdef89dd197aaae7dac7ccd"
  version = "1.0.1"

[[projects]]
  branch = "master"
  digest = "1:45490018e6d734f44a93701743ad2ca5852d0adffb3f886d1e5cfbba986c419d"
  name = "github.com/mwitkow/go-conntrack"
  packages = ["."]
  pruneopts = "UT"
  revision = "2f068394615f73e460c2f3d2c158b0ad9321cadb"

[[projects]]
  digest = "1:808cdddf087fb64baeae67b8dfaee2069034d9704923a3cb8bd96a995421a625"
  name = "github.com/patrickmn/go-cache"
  packages = ["."]
  pruneopts = "UT"
  revision = "a3647f8e31d79543b2d0f0ae2fe5c379d72cedc0"
  version = "v2.1.0"

[[projects]]
  digest = "1:6eea828983c70075ca297bb915ffbcfd3e34c5a50affd94428a65df955c0ff9c"
  name = "github.com/pelletier/go-toml"
  packages = ["."]
  pruneopts = "UT"
  revision = "903d9455db9ff1d7ac1ab199062eca7266dd11a3"
  version = "v1.6.0"

[[projects]]
  digest = "1:9e1d37b58d17113ec3cb5608ac0382313c5b59470b94ed97d0976e69c7022314"
  name = "github.com/pkg/errors"
  packages = ["."]
  pruneopts = "UT"
  revision = "614d223910a179a466c1767a985424175c39b465"
  version = "v0.9.1"

[[projects]]
  digest = "1:e89f2cdede55684adbe44b5566f55838ad2aee1dff348d14b73ccf733607b671"
  name = "github.com/prometheus/client_golang"
  packages = [
    "prometheus",
    "prometheus/internal",
    "prometheus/promhttp",
  ]
  pruneopts = "UT"
  revision = "2641b987480bca71fb39738eb8c8b0d577cb1d76"
  version = "v0.9.4"

[[projects]]
  digest = "1:0db23933b8052702d980a3f029149b3f175f7c0eea0cff85b175017d0f2722c0"
  name = "github.com/prometheus/client_model"
  packages = ["go"]
  pruneopts = "UT"
  revision = "7bc5445566f0fe75b15de23e6b93886e982d7bf9"
  version = "v0.2.0"

[[projects]]
  branch = "master"
  digest = "1:4866693cc23ac10ad8b7fe9fbf411c540b46dd7e1798746c64e46e5431edbb87"
  name = "github.com/prometheus/common"
  packages = [
    "config",
    "expfmt",
    "internal/bitbucket.org/ww/goautoneg",
    "model",
  ]
  pruneopts = "UT"
  revision = "6225330c4d5d7d0ffa21a82ad7eb041f82f25c7f"

[[projects]]
  digest = "1:5dc7e10a8b70e01a67e232210cb78758630895a0a7fd69d4b909f31d188250e6"
  name = "github.com/prometheus/procfs"
  packages = [
    ".",
    "internal/fs",
    "internal/util",
  ]
  pruneopts = "UT"
  revision = "46159f73e74d1cb8dc223deef9b2d049286f46b1"
  version = "v0.0.11"

[[projects]]
  digest = "1:5748e853599577759b2a9b8aff8bfefbdc7b391b7d4f672dd87e7986a7623a96"
  name = "github.com/prometheus/prometheus"
  packages = [
    "config",
    "discovery/azure",
    "discovery/config",
    "discovery/consul",
    "discovery/dns",
    "discovery/ec2",
    "discovery/file",
    "discovery/gce",
    "discovery/kubernetes",
    "discovery/marathon",
    "discovery/openstack",
    "discovery/refresh",
    "discovery/targetgroup",
    "discovery/triton",
    "discovery/zookeeper",
    "pkg/labels",
    "pkg/relabel",
    "util/strutil",
    "util/treecache",
  ]
  pruneopts = "UT"
  revision = "39e01b369dbd78278ca63e54f4976dff3b41df98"
  version = "v2.17.0"

[[projects]]
  branch = "master"
  digest = "1:53358eb1ca1c4cfdc53d6a7e1b1327a2e7346dac8f293ec40d88b8b8c36249f0"
  name = "github.com/samuel/go-zookeeper"
  packages = ["zk"]
  pruneopts = "UT"
  revision = "2cc03de413da42869e2db7ce7965d3e978d917eb"

[[projects]]
  digest = "1:bb495ec276ab82d3dd08504bbc0594a65de8c3b22c6f2aaa92d05b73fbf3a82e"
  name = "github.com/spf13/afero"
  packages = [
    ".",
    "mem",
  ]
  pruneopts = "UT"
  revision = "588a75ec4f32903aa5e39a2619ba6a4631e28424"
  version = "v1.2.2"

[[projects]]
  digest = "1:ff4cd55a3666b6ea3a876c9e133bfb54d6c812e725409a773f2c94a0b3a92f4f"
  name = "github.com/spf13/cast"
  packages = ["."]
  pruneopts = "UT"
  revision = "1ffadf551085444af981432dd0f6d1160c11ec64"
  version = "v1.3.1"

[[projects]]
  digest = "1:6a13467c76490975b05609344b3d882a9185fd11a44a04ede7427d684e0819b9"
  name = "github.com/spf13/cobra"
  packages = ["."]
  pruneopts = "UT"
  revision = "0da06874266c88228b8f14615396a1f6bfc90ed7"
  version = "v0.0.6"

[[projects]]
  digest = "1:1b753ec16506f5864d26a28b43703c58831255059644351bbcb019b843950900"
  name = "github.com/spf13/jwalterweatherman"
  packages = ["."]
  pruneopts = "UT"
  revision = "94f6ae3ed3bceceafa716478c5fbf8d29ca601a1"
  version = "v1.1.0"

[[projects]]
  digest = "1:524b71991fc7d9246cc7dc2d9e0886ccb97648091c63e30eef619e6862c955dd"
  name = "github.com/spf13/pflag"
  packages = ["."]
  pruneopts = "UT"
  revision = "2e9d26c8c37aae03e3f9d4e90b7116f5accb7cab"
  version = "v1.0.5"

[[projects]]
  digest = "1:83d0e0f3f46dc86daf27e4d7c834c8c492db787c53c09d94183de7478db92142"
  name = "github.com/spf13/viper"
  packages = ["."]
  pruneopts = "UT"
  revision = "4525543ce4fe90f7970f5e2cdc300b8ffc8c0582"
  version = "v1.6.2"

[[projects]]
  digest = "1:f4b32291cad5efac2bfdba89ccde6aa04618b62ce06c1a571da2dc4f3f2677fb"
  name = "github.com/subosito/gotenv"
  packages = ["."]
  pruneopts = "UT"
  revision = "2ef7124db659d49edac6aa459693a15ae36c671a"
  version = "v1.2.0"

[[projects]]
  digest = "1:5dae67f1206b3c9fe0ba183912b1ec204f2b688b8875116c245887c4a0d5ee77"
  name = "go.opencensus.io"
  packages = [
    ".",
    "internal",
    "internal/tagencoding",
    "metric/metricdata",
    "metric/metricproducer",
    "plugin/ochttp",
    "plugin/ochttp/propagation/b3",
    "resource",
    "stats",
    "stats/internal",
    "stats/view",
    "tag",
    "trace",
    "trace/internal",
    "trace/propagation",
    "trace/tracestate",
  ]
  pruneopts = "UT"
  revision = "d835ff86be02193d324330acdb7d65546b05f814"
  version = "v0.22.3"

[[projects]]
  branch = "master"
  digest = "1:33a9a278c2761a8a8ba5775f6937c9c3c2de9bfaee835f36ad93691d39ac48e6"
  name = "golang.org/x/crypto"
  packages = [
    "ed25519",
    "ed25519/internal/edwards25519",
    "ssh/terminal",
  ]
  pruneopts = "UT"
  revision = "0ec3e9974c59449edd84298612e9f16fa13368e8"

[[projects]]
  branch = "master"
  digest = "1:372166a7234b72701a6a42ce38e9787670a07290f35d012a4e12e66466c30ea7"
  name = "golang.org/x/net"
  packages = [
    "bpf",
    "context",
    "context/ctxhttp",
    "http/httpguts",
    "http2",
    "http2/hpack",
    "idna",
    "internal/iana",
    "internal/socket",
    "internal/timeseries",
    "ipv4",
    "ipv6",
    "publicsuffix",
    "trace",
  ]
  pruneopts = "UT"
  revision = "d3edc9973b7eb1fb302b0ff2c62357091cea9a30"

[[projects]]
  branch = "master"
  digest = "1:79edde3241bb55de9f4143d5083bfcff722e550c3cb8db94084eab50d0e440b5"
  name = "golang.org/x/oauth2"
  packages = [
    ".",
    "google",
    "internal",
    "jws",
    "jwt",
  ]
  pruneopts = "UT"
  revision = "bf48bf16ab8d622ce64ec6ce98d2c98f916b6303"

[[projects]]
  branch = "master"
  digest = "1:b521f10a2d8fa85c04a8ef4e62f2d1e14d303599a55d64dabf9f5a02f84d35eb"
  name = "golang.org/x/sync"
  packages = ["errgroup"]
  pruneopts = "UT"
  revision = "43a5402ce75a95522677f77c619865d66b8c57ab"

[[projects]]
  branch = "master"
  digest = "1:1fbab312c7e34ca131dd8431962292dbc808001f2d07eedcf4b4bdfae7b06372"
  name = "golang.org/x/sys"
  packages = [
    "unix",
    "windows",
  ]
  pruneopts = "UT"
  revision = "85ca7c5b95cdf1e557abb38a283d1e61a5959c31"

[[projects]]
  digest = "1:8d8faad6b12a3a4c819a3f9618cb6ee1fa1cfc33253abeeea8b55336721e3405"
  name = "golang.org/x/text"
  packages = [
    "collate",
    "collate/build",
    "internal/colltab",
    "internal/gen",
    "internal/language",
    "internal/language/compact",
    "internal/tag",
    "internal/triegen",
    "internal/ucd",
    "language",
    "secure/bidirule",
    "transform",
    "unicode/bidi",
    "unicode/cldr",
    "unicode/norm",
    "unicode/rangetable",
  ]
  pruneopts = "UT"
  revision = "342b2e1fbaa52c93f31447ad2c6abc048c63e475"
  version = "v0.3.2"

[[projects]]
  branch = "master"
  digest = "1:a2f668c709f9078828e99cb1768cb02e876cb81030545046a32b54b2ac2a9ea8"
  name = "golang.org/x/time"
  packages = ["rate"]
  pruneopts = "UT"
  revision = "555d28b269f0569763d25dbe1a237ae74c6bcc82"

[[projects]]
  branch = "master"
  digest = "1:ae972188affcffb27a1439cbbbdb72e0e9237c435baee9c25648ea750a0e37c6"
  name = "golang.org/x/tools"
  packages = [
    "go/ast/astutil",
    "go/gcexportdata",
    "go/internal/gcimporter",
    "go/internal/packagesdriver",
    "go/packages",
    "go/types/typeutil",
    "internal/gocommand",
    "internal/packagesinternal",
  ]
  pruneopts = "UT"
  revision = "a49f79bcc2246daebe8647db377475ffc1523d7b"

[[projects]]
  digest = "1:a4e6161ffbea6b872a122961fff978f81af9c064f1757c559e21d2d322f13958"
  name = "gomodules.xyz/jsonpatch"
  packages = ["v2"]
  pruneopts = "UT"
  revision = "1c2a0262323edc27502942d9727c95646b1c3cbe"
  version = "v2.1.0"

[[projects]]
  digest = "1:ab99567db09e05b835dd0e85e6154557983dd4d9951142e6284a919d33c2d15b"
  name = "google.golang.org/api"
  packages = [
    "compute/v1",
    "googleapi",
    "googleapi/transport",
    "internal",
    "internal/gensupport",
    "internal/third_party/uritemplates",
    "option",
    "option/internaloption",
    "transport/cert",
    "transport/http",
    "transport/http/internal/propagation",
  ]
  pruneopts = "UT"
  revision = "c24765c18bb761c90df819dcdfdd62f9a7f6fa22"
  version = "v0.20.0"

[[projects]]
  digest = "1:3c03b58f57452764a4499c55c582346c0ee78c8a5033affe5bdfd9efd3da5bd1"
  name = "google.golang.org/appengine"
  packages = [
    ".",
    "internal",
    "internal/app_identity",
    "internal/base",
    "internal/datastore",
    "internal/log",
    "internal/modules",
    "internal/remote_api",
    "internal/urlfetch",
    "urlfetch",
  ]
  pruneopts = "UT"
  revision = "971852bfffca25b069c31162ae8f247a3dba083b"
  version = "v1.6.5"

[[projects]]
  branch = "master"
  digest = "1:1c2a9b5021f7fe23a6f880468633f407f8b600a67e29b10f1892ae4425085820"
  name = "google.golang.org/genproto"
  packages = ["googleapis/rpc/status"]
  pruneopts = "UT"
  revision = "5b2d0af7952bff3ac94fc13b18af3efa8927cf94"

[[projects]]
  digest = "1:67bc54ebd7e6ed4a5a646aed9a8cb3b24b96a5e0abeee04f9e1c252a1cb345d4"
  name = "google.golang.org/grpc"
  packages = [
    ".",
    "attributes",
    "backoff",
    "balancer",
    "balancer/base",
    "balancer/roundrobin",
    "binarylog/grpc_binarylog_v1",
    "codes",
    "connectivity",
    "credentials",
    "credentials/internal",
    "encoding",
    "encoding/proto",
    "grpclog",
    "internal",
    "internal/backoff",
    "internal/balancerload",
    "internal/binarylog",
    "internal/buffer",
    "internal/channelz",
    "internal/envconfig",
    "internal/grpclog",
    "internal/grpcrand",
    "internal/grpcsync",
    "internal/grpcutil",
    "internal/resolver/dns",
    "internal/resolver/passthrough",
    "internal/syscall",
    "internal/transport",
    "keepalive",
    "metadata",
    "naming",
    "peer",
    "resolver",
    "serviceconfig",
    "stats",
    "status",
    "tap",
  ]
  pruneopts = "UT"
  revision = "142182889d38b76209f1d9f1d8e91d7608aff542"
  version = "v1.28.0"

[[projects]]
  digest = "1:80057945464ffb5b0da1f026beb8df0e8dbd098eaf771a349291bed2cd29a83e"
  name = "gopkg.in/fsnotify.v1"
  packages = ["."]
  pruneopts = "UT"
  revision = "45d7d09e39ef4ac08d493309fa031790c15bfe8a"
  source = "gopkg.in/fsnotify/fsnotify.v1"
  version = "v1.4.9"

[[projects]]
  digest = "1:80057945464ffb5b0da1f026beb8df0e8dbd098eaf771a349291bed2cd29a83e"
  name = "gopkg.in/fsnotify/fsnotify.v1"
  packages = ["."]
  pruneopts = "UT"
  revision = "45d7d09e39ef4ac08d493309fa031790c15bfe8a"
  version = "v1.4.9"

[[projects]]
  digest = "1:2d1fbdc6777e5408cabeb02bf336305e724b925ff4546ded0fa8715a7267922a"
  name = "gopkg.in/inf.v0"
  packages = ["."]
  pruneopts = "UT"
  revision = "d2d2541c53f18d2a059457998ce2876cc8e67cbf"
  version = "v0.9.1"

[[projects]]
  digest = "1:a064971c78455f088b48483cf48a61dbe2f173dc02043cf76a06e19acba3c5e4"
  name = "gopkg.in/ini.v1"
  packages = ["."]
  pruneopts = "UT"
  revision = "39bc4ddcb8b9d0100f7a040816380ccda878b94a"
  version = "v1.55.0"

[[projects]]
  digest = "1:41206f4d0410803e64cfb203f665330c3183988408cb532b56305a816a87bd99"
  name = "gopkg.in/resty.v1"
  packages = ["."]
  pruneopts = "UT"
  revision = "fa5875c0caa5c260ab78acec5a244215a730247f"
  version = "v1.12.0"

[[projects]]
  digest = "1:55b110c99c5fdc4f14930747326acce56b52cfce60b24b1c03ef686ac0e46bb1"
  name = "gopkg.in/yaml.v2"
  packages = ["."]
  pruneopts = "UT"
  revision = "53403b58ad1b561927d19068c655246f2db79d48"
  version = "v2.2.8"

[[projects]]
  digest = "1:41a8785ce0732e00b09a1a95f23c826e2864e6f6b2a5d305f412687f4f936c76"
  name = "k8s.io/api"
  packages = [
    "admission/v1beta1",
    "admissionregistration/v1",
    "admissionregistration/v1beta1",
    "apps/v1",
    "apps/v1beta1",
    "apps/v1beta2",
    "auditregistration/v1alpha1",
    "authentication/v1",
    "authentication/v1beta1",
    "authorization/v1",
    "authorization/v1beta1",
    "autoscaling/v1",
    "autoscaling/v2beta1",
    "autoscaling/v2beta2",
    "batch/v1",
    "batch/v1beta1",
    "batch/v2alpha1",
    "certificates/v1beta1",
    "coordination/v1",
    "coordination/v1beta1",
    "core/v1",
    "discovery/v1alpha1",
    "events/v1beta1",
    "extensions/v1beta1",
    "networking/v1",
    "networking/v1beta1",
    "node/v1alpha1",
    "node/v1beta1",
    "policy/v1beta1",
    "rbac/v1",
    "rbac/v1alpha1",
    "rbac/v1beta1",
    "scheduling/v1",
    "scheduling/v1alpha1",
    "scheduling/v1beta1",
    "settings/v1alpha1",
    "storage/v1",
    "storage/v1alpha1",
    "storage/v1beta1",
  ]
  pruneopts = "UT"
  revision = "16d7abae0d2a8ab2a6a7ad1bf3300eaacd541f56"
  version = "kubernetes-1.16.3"

[[projects]]
  digest = "1:f0b431fe72d7510dfe7f3f177317391621ddb500843f5661dab7520d22735a66"
  name = "k8s.io/apiextensions-apiserver"
  packages = [
    "pkg/apis/apiextensions",
    "pkg/apis/apiextensions/v1",
    "pkg/apis/apiextensions/v1beta1",
    "pkg/client/clientset/clientset",
    "pkg/client/clientset/clientset/scheme",
    "pkg/client/clientset/clientset/typed/apiextensions/v1",
    "pkg/client/clientset/clientset/typed/apiextensions/v1beta1",
  ]
  pruneopts = "UT"
  revision = "2eb9534bc0ea40a8072fd0a7492d91d6989c726c"
  version = "v0.17.4"

[[projects]]
  digest = "1:be351cc502067780105d5f692a4cfb0275c6f68e3accae569c64bb8d2dafe33c"
  name = "k8s.io/apimachinery"
  packages = [
    "pkg/api/equality",
    "pkg/api/errors",
    "pkg/api/meta",
    "pkg/api/resource",
    "pkg/apis/meta/internalversion",
    "pkg/apis/meta/v1",
    "pkg/apis/meta/v1/unstructured",
    "pkg/apis/meta/v1beta1",
    "pkg/conversion",
    "pkg/conversion/queryparams",
    "pkg/fields",
    "pkg/labels",
    "pkg/runtime",
    "pkg/runtime/schema",
    "pkg/runtime/serializer",
    "pkg/runtime/serializer/json",
    "pkg/runtime/serializer/protobuf",
    "pkg/runtime/serializer/recognizer",
    "pkg/runtime/serializer/streaming",
    "pkg/runtime/serializer/versioning",
    "pkg/selection",
    "pkg/types",
    "pkg/util/cache",
    "pkg/util/clock",
    "pkg/util/diff",
    "pkg/util/errors",
    "pkg/util/framer",
    "pkg/util/intstr",
    "pkg/util/json",
    "pkg/util/mergepatch",
    "pkg/util/naming",
    "pkg/util/net",
    "pkg/util/runtime",
    "pkg/util/sets",
    "pkg/util/strategicpatch",
    "pkg/util/uuid",
    "pkg/util/validation",
    "pkg/util/validation/field",
    "pkg/util/wait",
    "pkg/util/yaml",
    "pkg/version",
    "pkg/watch",
    "third_party/forked/golang/json",
    "third_party/forked/golang/reflect",
  ]
  pruneopts = "UT"
  revision = "72ed19daf4bb788ae595ae4103c404cb0fa09c84"
  version = "kubernetes-1.16.3"

[[projects]]
  digest = "1:342eeb8c6dd38f9a6cd8fe90e6afa58014bfc954b0bc83e6e564e1fd8b2f2945"
  name = "k8s.io/client-go"
  packages = [
    "discovery",
    "discovery/fake",
    "dynamic",
    "kubernetes",
    "kubernetes/fake",
    "kubernetes/scheme",
    "kubernetes/typed/admissionregistration/v1",
    "kubernetes/typed/admissionregistration/v1/fake",
    "kubernetes/typed/admissionregistration/v1beta1",
    "kubernetes/typed/admissionregistration/v1beta1/fake",
    "kubernetes/typed/apps/v1",
    "kubernetes/typed/apps/v1/fake",
    "kubernetes/typed/apps/v1beta1",
    "kubernetes/typed/apps/v1beta1/fake",
    "kubernetes/typed/apps/v1beta2",
    "kubernetes/typed/apps/v1beta2/fake",
    "kubernetes/typed/auditregistration/v1alpha1",
    "kubernetes/typed/auditregistration/v1alpha1/fake",
    "kubernetes/typed/authentication/v1",
    "kubernetes/typed/authentication/v1/fake",
    "kubernetes/typed/authentication/v1beta1",
    "kubernetes/typed/authentication/v1beta1/fake",
    "kubernetes/typed/authorization/v1",
    "kubernetes/typed/authorization/v1/fake",
    "kubernetes/typed/authorization/v1beta1",
    "kubernetes/typed/authorization/v1beta1/fake",
    "kubernetes/typed/autoscaling/v1",
    "kubernetes/typed/autoscaling/v1/fake",
    "kubernetes/typed/autoscaling/v2beta1",
    "kubernetes/typed/autoscaling/v2beta1/fake",
    "kubernetes/typed/autoscaling/v2beta2",
    "kubernetes/typed/autoscaling/v2beta2/fake",
    "kubernetes/typed/batch/v1",
    "kubernetes/typed/batch/v1/fake",
    "kubernetes/typed/batch/v1beta1",
    "kubernetes/typed/batch/v1beta1/fake",
    "kubernetes/typed/batch/v2alpha1",
    "kubernetes/typed/batch/v2alpha1/fake",
    "kubernetes/typed/certificates/v1beta1",
    "kubernetes/typed/certificates/v1beta1/fake",
    "kubernetes/typed/coordination/v1",
    "kubernetes/typed/coordination/v1/fake",
    "kubernetes/typed/coordination/v1beta1",
    "kubernetes/typed/coordination/v1beta1/fake",
    "kubernetes/typed/core/v1",
    "kubernetes/typed/core/v1/fake",
    "kubernetes/typed/discovery/v1alpha1",
    "kubernetes/typed/discovery/v1alpha1/fake",
    "kubernetes/typed/events/v1beta1",
    "kubernetes/typed/events/v1beta1/fake",
    "kubernetes/typed/extensions/v1beta1",
    "kubernetes/typed/extensions/v1beta1/fake",
    "kubernetes/typed/networking/v1",
    "kubernetes/typed/networking/v1/fake",
    "kubernetes/typed/networking/v1beta1",
    "kubernetes/typed/networking/v1beta1/fake",
    "kubernetes/typed/node/v1alpha1",
    "kubernetes/typed/node/v1alpha1/fake",
    "kubernetes/typed/node/v1beta1",
    "kubernetes/typed/node/v1beta1/fake",
    "kubernetes/typed/policy/v1beta1",
    "kubernetes/typed/policy/v1beta1/fake",
    "kubernetes/typed/rbac/v1",
    "kubernetes/typed/rbac/v1/fake",
    "kubernetes/typed/rbac/v1alpha1",
    "kubernetes/typed/rbac/v1alpha1/fake",
    "kubernetes/typed/rbac/v1beta1",
    "kubernetes/typed/rbac/v1beta1/fake",
    "kubernetes/typed/scheduling/v1",
    "kubernetes/typed/scheduling/v1/fake",
    "kubernetes/typed/scheduling/v1alpha1",
    "kubernetes/typed/scheduling/v1alpha1/fake",
    "kubernetes/typed/scheduling/v1beta1",
    "kubernetes/typed/scheduling/v1beta1/fake",
    "kubernetes/typed/settings/v1alpha1",
    "kubernetes/typed/settings/v1alpha1/fake",
    "kubernetes/typed/storage/v1",
    "kubernetes/typed/storage/v1/fake",
    "kubernetes/typed/storage/v1alpha1",
    "kubernetes/typed/storage/v1alpha1/fake",
    "kubernetes/typed/storage/v1beta1",
    "kubernetes/typed/storage/v1beta1/fake",
    "pkg/apis/clientauthentication",
    "pkg/apis/clientauthentication/v1alpha1",
    "pkg/apis/clientauthentication/v1beta1",
    "pkg/version",
    "plugin/pkg/client/auth/exec",
    "rest",
    "rest/watch",
    "restmapper",
    "testing",
    "tools/auth",
    "tools/cache",
    "tools/clientcmd",
    "tools/clientcmd/api",
    "tools/clientcmd/api/latest",
    "tools/clientcmd/api/v1",
    "tools/leaderelection",
    "tools/leaderelection/resourcelock",
    "tools/metrics",
    "tools/pager",
    "tools/record",
    "tools/record/util",
    "tools/reference",
    "transport",
    "util/cert",
    "util/connrotation",
    "util/flowcontrol",
    "util/homedir",
    "util/keyutil",
    "util/retry",
    "util/workqueue",
  ]
  pruneopts = "UT"
  revision = "6c5935290e3335b200f75d874a19be3093e9c36b"
  version = "kubernetes-1.16.3"

[[projects]]
  digest = "1:93e82f25d75aba18436ad1ac042cb49493f096011f2541075721ed6f9e05c044"
  name = "k8s.io/klog"
  packages = ["."]
  pruneopts = "UT"
  revision = "2ca9ad30301bf30a8a6e0fa2110db6b8df699a91"
  version = "v1.0.0"

[[projects]]
  branch = "master"
  digest = "1:22abb5d4204ab1a0dcc9cda64906a31c43965ff5159e8b9f766c9d2a162dbed5"
  name = "k8s.io/kube-openapi"
  packages = ["pkg/util/proto"]
  pruneopts = "UT"
  revision = "addea2498afe5a6d58f8bdcd9ae51363d12f12ef"

[[projects]]
  branch = "master"
  digest = "1:bb09c1841fd8100fe09b784fa13563ebffd9921d18012e72c8727ce9d4ea0144"
  name = "k8s.io/utils"
  packages = [
    "buffer",
    "integer",
    "pointer",
    "trace",
  ]
  pruneopts = "UT"
  revision = "a9aa75ae1b89e1b992c33383f48e942d97e52dae"

[[projects]]
  digest = "1:442d4eaa7b747873df39e551a5edd1e56c6182c0a8a539ff8fdb23395df3a30b"
  name = "sigs.k8s.io/controller-runtime"
  packages = [
    "pkg/builder",
    "pkg/cache",
    "pkg/cache/internal",
    "pkg/client",
    "pkg/client/apiutil",
    "pkg/controller",
    "pkg/conversion",
    "pkg/event",
    "pkg/handler",
    "pkg/healthz",
    "pkg/internal/controller",
    "pkg/internal/controller/metrics",
    "pkg/internal/log",
    "pkg/internal/recorder",
    "pkg/leaderelection",
    "pkg/log",
    "pkg/manager",
    "pkg/metrics",
    "pkg/predicate",
    "pkg/ratelimiter",
    "pkg/reconcile",
    "pkg/recorder",
    "pkg/runtime/inject",
    "pkg/source",
    "pkg/source/internal",
    "pkg/webhook",
    "pkg/webhook/admission",
    "pkg/webhook/conversion",
    "pkg/webhook/internal/certwatcher",
    "pkg/webhook/internal/metrics",
  ]
  pruneopts = "UT"
  revision = "525a2d7dce5661cb90395b40a31575589ae504a2"
  version = "v0.5.1"

[[projects]]
  digest = "1:36d2b2cb1fa6e4a731e38c3582c203213cdbc52c5f202af07db6dc6eeaec88dc"
  name = "sigs.k8s.io/yaml"
  packages = ["."]
  pruneopts = "UT"
  revision = "9fc95527decd95bb9d28cc2eab08179b2d0f6971"
  version = "v1.2.0"

[solve-meta]
  analyzer-name = "dep"
  analyzer-version = 1
  input-imports = [
    "github.com/davecgh/go-spew/spew",
    "github.com/giantswarm/apiextensions/pkg/apis/core/v1alpha1",
    "github.com/giantswarm/backoff",
    "github.com/giantswarm/k8sclient",
    "github.com/giantswarm/k8sclient/k8srestconfig",
    "github.com/giantswarm/microendpoint/endpoint/healthz",
    "github.com/giantswarm/microendpoint/endpoint/version",
    "github.com/giantswarm/microendpoint/service/version",
    "github.com/giantswarm/microerror",
    "github.com/giantswarm/microkit/command",
    "github.com/giantswarm/microkit/flag",
    "github.com/giantswarm/microkit/server",
    "github.com/giantswarm/micrologger",
    "github.com/giantswarm/micrologger/microloggertest",
    "github.com/giantswarm/operatorkit/controller",
    "github.com/giantswarm/operatorkit/flag/service/kubernetes",
    "github.com/giantswarm/operatorkit/resource",
    "github.com/giantswarm/operatorkit/resource/crud",
    "github.com/giantswarm/operatorkit/resource/wrapper/metricsresource",
    "github.com/giantswarm/operatorkit/resource/wrapper/retryresource",
    "github.com/giantswarm/versionbundle",
    "github.com/google/go-cmp/cmp",
    "github.com/google/go-cmp/cmp/cmpopts",
    "github.com/prometheus/client_golang/prometheus",
    "github.com/prometheus/common/config",
    "github.com/prometheus/common/model",
    "github.com/prometheus/prometheus/config",
    "github.com/prometheus/prometheus/discovery/config",
    "github.com/prometheus/prometheus/discovery/kubernetes",
    "github.com/prometheus/prometheus/discovery/targetgroup",
    "github.com/prometheus/prometheus/pkg/relabel",
    "github.com/spf13/afero",
    "github.com/spf13/viper",
    "gopkg.in/yaml.v2",
    "k8s.io/api/core/v1",
    "k8s.io/apimachinery/pkg/api/errors",
    "k8s.io/apimachinery/pkg/apis/meta/v1",
    "k8s.io/apimachinery/pkg/labels",
    "k8s.io/apimachinery/pkg/runtime",
    "k8s.io/client-go/kubernetes",
    "k8s.io/client-go/kubernetes/fake",
    "k8s.io/client-go/rest",
  ]
  solver-name = "gps-cdcl"
  solver-version = 1
